
Microsoft Visual Studio Solution File, Format Version 11.00
# Visual Studio 2010
Project("{FAE04EC0-301F-11D3-BF4B-00C04F79EFBC}") = "ProblemaRecursivo", "ProblemaRecursivo\ProblemaRecursivo.csproj", "{94FFB203-12C3-47E5-9D77-3C79BF3F8129}"
EndProject
Project("{FAE04EC0-301F-11D3-BF4B-00C04F79EFBC}") = "JavascriptControllersExposer", "JavascriptControllersExposer\JavascriptControllersExposer.csproj", "{23BC1813-2B3D-4728-9EF4-30AA33FD3F26}"
EndProject
Global
	GlobalSection(SolutionConfigurationPlatforms) = preSolution
		Debug|Any CPU = Debug|Any CPU
		Debug|Mixed Platforms = Debug|Mixed Platforms
		Debug|x86 = Debug|x86
		Release|Any CPU = Release|Any CPU
		Release|Mixed Platforms = Release|Mixed Platforms
		Release|x86 = Release|x86
	EndGlobalSection
	GlobalSection(ProjectConfigurationPlatforms) = postSolution
		{94FFB203-12C3-47E5-9D77-3C79BF3F8129}.Debug|Any CPU.ActiveCfg = Debug|x86
		{94FFB203-12C3-47E5-9D77-3C79BF3F8129}.Debug|Mixed Platforms.ActiveCfg = Debug|x86
		{94FFB203-12C3-47E5-9D77-3C79BF3F8129}.Debug|Mixed Platforms.Build.0 = Debug|x86
		{94FFB203-12C3-47E5-9D77-3C79BF3F8129}.Debug|x86.ActiveCfg = Debug|x86
		{94FFB203-12C3-47E5-9D77-3C79BF3F8129}.Debug|x86.Build.0 = Debug|x86
		{94FFB203-12C3-47E5-9D77-3C79BF3F8129}.Release|Any CPU.ActiveCfg = Release|x86
		{94FFB203-12C3-47E5-9D77-3C79BF3F8129}.Release|Mixed Platforms.ActiveCfg = Release|x86
		{94FFB203-12C3-47E5-9D77-3C79BF3F8129}.Release|Mixed Platforms.Build.0 = Release|x86
		{94FFB203-12C3-47E5-9D77-3C79BF3F8129}.Release|x86.ActiveCfg = Release|x86
		{94FFB203-12C3-47E5-9D77-3C79BF3F8129}.Release|x86.Build.0 = Release|x86
		{23BC1813-2B3D-4728-9EF4-30AA33FD3F26}.Debug|Any CPU.ActiveCfg = Debug|Any CPU
		{23BC1813-2B3D-4728-9EF4-30AA33FD3F26}.Debug|Any CPU.Build.0 = Debug|Any CPU
		{23BC1813-2B3D-4728-9EF4-30AA33FD3F26}.Debug|Mixed Platforms.ActiveCfg = Debug|Any CPU
		{23BC1813-2B3D-4728-9EF4-30AA33FD3F26}.Debug|Mixed Platforms.Build.0 = Debug|Any CPU
		{23BC1813-2B3D-4728-9EF4-30AA33FD3F26}.Debug|x86.ActiveCfg = Debug|Any CPU
		{23BC1813-2B3D-4728-9EF4-30AA33FD3F26}.Release|Any CPU.ActiveCfg = Release|Any CPU
		{23BC1813-2B3D-4728-9EF4-30AA33FD3F26}.Release|Any CPU.Build.0 = Release|Any CPU
		{23BC1813-2B3D-4728-9EF4-30AA33FD3F26}.Release|Mixed Platforms.ActiveCfg = Release|Any CPU
		{23BC1813-2B3D-4728-9EF4-30AA33FD3F26}.Release|Mixed Platforms.Build.0 = Release|Any CPU
		{23BC1813-2B3D-4728-9EF4-30AA33FD3F26}.Release|x86.ActiveCfg = Release|Any CPU
	EndGlobalSection
	GlobalSection(SolutionProperties) = preSolution
		HideSolutionNode = FALSE
	EndGlobalSection
EndGlobal
